
Microsoft Visual Studio Solution File, Format Version 12.00
# Visual Studio Version 16
VisualStudioVersion = 16.0.33423.256
MinimumVisualStudioVersion = 10.0.40219.1
Project("{FAE04EC0-301F-11D3-BF4B-00C04F79EFBC}") = "Döviz_Ofisi", "Döviz_Ofisi\Döviz_Ofisi.csproj", "{72916489-DBCA-4696-AB29-5BAE0C573D3D}"
EndProject
Global
	GlobalSection(SolutionConfigurationPlatforms) = preSolution
		Debug|Any CPU = Debug|Any CPU
		Release|Any CPU = Release|Any CPU
	EndGlobalSection
	GlobalSection(ProjectConfigurationPlatforms) = postSolution
		{72916489-DBCA-4696-AB29-5BAE0C573D3D}.Debug|Any CPU.ActiveCfg = Debug|Any CPU
		{72916489-DBCA-4696-AB29-5BAE0C573D3D}.Debug|Any CPU.Build.0 = Debug|Any CPU
		{72916489-DBCA-4696-AB29-5BAE0C573D3D}.Release|Any CPU.ActiveCfg = Release|Any CPU
		{72916489-DBCA-4696-AB29-5BAE0C573D3D}.Release|Any CPU.Build.0 = Release|Any CPU
	EndGlobalSection
	GlobalSection(SolutionProperties) = preSolution
		HideSolutionNode = FALSE
	EndGlobalSection
	GlobalSection(ExtensibilityGlobals) = postSolution
		SolutionGuid = {7B3EF783-298B-4DB2-B66A-EE36985CC774}
	EndGlobalSection
EndGlobal
